
Microsoft Visual Studio Solution File, Format Version 12.00
# Visual Studio 15
VisualStudioVersion = 15.0.28010.2016
MinimumVisualStudioVersion = 10.0.40219.1
Project("{8BC9CEB8-8B4A-11D0-8D11-00A0C91BC942}") = "PP01.HelloSDL", "PP01.HelloSDL\PP01.HelloSDL.vcxproj", "{AB4491A2-30AE-41A2-95F9-AB47E9A7FF14}"
EndProject
Project("{8BC9CEB8-8B4A-11D0-8D11-00A0C91BC942}") = "PP02.BreakUpHelloSDL", "PP02.BreakUpHelloSDL\PP02.BreakUpHelloSDL.vcxproj", "{FCFD5AB4-A7AC-46D2-B2BE-F36749006CDE}"
EndProject
Project("{8BC9CEB8-8B4A-11D0-8D11-00A0C91BC942}") = "pp03.GameClass", "pp03.GameClass\pp03.GameClass.vcxproj", "{F14FFC1C-8266-4C67-A918-F302F24405DD}"
EndProject
Project("{8BC9CEB8-8B4A-11D0-8D11-00A0C91BC942}") = "pp04.BasicDrawing", "pp04.BasicDrawing\pp04.BasicDrawing.vcxproj", "{78CEB098-5297-47A9-BBF8-D26D06F81FBA}"
EndProject
Project("{8BC9CEB8-8B4A-11D0-8D11-00A0C91BC942}") = "PP05.AnimatingSprite", "PP05.AnimatingSprite\PP05.AnimatingSprite.vcxproj", "{ADBFA705-36AB-4176-9DE0-B154F3038572}"
EndProject
Project("{8BC9CEB8-8B4A-11D0-8D11-00A0C91BC942}") = "PP06.ImageSprite", "PP06.ImageSprite\PP06.ImageSprite.vcxproj", "{2F26F5E7-8E81-480F-A3AC-CB64CC9D8663}"
EndProject
Project("{8BC9CEB8-8B4A-11D0-8D11-00A0C91BC942}") = "PP07.TextureManager", "PP07.TextureManager\PP07.TextureManager.vcxproj", "{396E21CF-8643-4A32-8C14-6CF118874BCE}"
EndProject
Project("{8BC9CEB8-8B4A-11D0-8D11-00A0C91BC942}") = "PP09.Inheritance", "PP09.Inheritance\PP09.Inheritance.vcxproj", "{065DCA25-EBD1-421E-9AD3-551FB370B547}"
EndProject
Project("{8BC9CEB8-8B4A-11D0-8D11-00A0C91BC942}") = "PP08.SingletonTM", "PP08.SingletonTM\PP08.SingletonTM.vcxproj", "{1F1D2F79-D0D1-49AA-B558-C15002103E72}"
EndProject
Project("{8BC9CEB8-8B4A-11D0-8D11-00A0C91BC942}") = "PP11.AbstractClass", "PP11.AbstractClass\PP11.AbstractClass.vcxproj", "{49A0AAF4-E96A-4938-A1D8-AA5AA75CC91E}"
EndProject
Project("{8BC9CEB8-8B4A-11D0-8D11-00A0C91BC942}") = "PP12.Vector2D", "PP12.Vector2D\PP12.Vector2D.vcxproj", "{155C6F32-B50A-4F66-B921-1FB85C9DB7EF}"
EndProject
Project("{8BC9CEB8-8B4A-11D0-8D11-00A0C91BC942}") = "PP10.Polymorphism", "PP10.Polymorphism\PP10.Polymorphism.vcxproj", "{53FC1DE5-0882-4F69-BA73-C59469A87BA6}"
EndProject
Project("{8BC9CEB8-8B4A-11D0-8D11-00A0C91BC942}") = "PP13.KInputHandler", "PP13.KInputHandler\PP13.KInputHandler.vcxproj", "{13346D00-C60A-4D51-9803-FD9BC9EB725A}"
EndProject
Project("{8BC9CEB8-8B4A-11D0-8D11-00A0C91BC942}") = "PP14.MInputHandler", "PP14.MInputHandler\PP14.MInputHandler.vcxproj", "{DDD15410-4311-4BD0-9F4B-1AE86920C4ED}"
EndProject
Project("{8BC9CEB8-8B4A-11D0-8D11-00A0C91BC942}") = "PP15.FSM", "PP15.FSM\PP15.FSM.vcxproj", "{0B083BB9-8418-41AC-8B01-9A1DD77CBD99}"
EndProject
Project("{8BC9CEB8-8B4A-11D0-8D11-00A0C91BC942}") = "PP16.MenuState", "PP16.MenuState\PP16.MenuState.vcxproj", "{CA31483D-451B-41A8-A68E-F2DFC1978F3A}"
EndProject
Project("{8BC9CEB8-8B4A-11D0-8D11-00A0C91BC942}") = "PP17.PlayState", "PP17.PlayState\PP17.PlayState.vcxproj", "{63518AC8-4ADA-4626-BD5F-9B95C45E8ABD}"
EndProject
Global
	GlobalSection(SolutionConfigurationPlatforms) = preSolution
		Debug|x64 = Debug|x64
		Debug|x86 = Debug|x86
		Release|x64 = Release|x64
		Release|x86 = Release|x86
	EndGlobalSection
	GlobalSection(ProjectConfigurationPlatforms) = postSolution
		{AB4491A2-30AE-41A2-95F9-AB47E9A7FF14}.Debug|x64.ActiveCfg = Debug|x64
		{AB4491A2-30AE-41A2-95F9-AB47E9A7FF14}.Debug|x64.Build.0 = Debug|x64
		{AB4491A2-30AE-41A2-95F9-AB47E9A7FF14}.Debug|x86.ActiveCfg = Debug|Win32
		{AB4491A2-30AE-41A2-95F9-AB47E9A7FF14}.Debug|x86.Build.0 = Debug|Win32
		{AB4491A2-30AE-41A2-95F9-AB47E9A7FF14}.Release|x64.ActiveCfg = Release|x64
		{AB4491A2-30AE-41A2-95F9-AB47E9A7FF14}.Release|x64.Build.0 = Release|x64
		{AB4491A2-30AE-41A2-95F9-AB47E9A7FF14}.Release|x86.ActiveCfg = Release|Win32
		{AB4491A2-30AE-41A2-95F9-AB47E9A7FF14}.Release|x86.Build.0 = Release|Win32
		{FCFD5AB4-A7AC-46D2-B2BE-F36749006CDE}.Debug|x64.ActiveCfg = Debug|x64
		{FCFD5AB4-A7AC-46D2-B2BE-F36749006CDE}.Debug|x64.Build.0 = Debug|x64
		{FCFD5AB4-A7AC-46D2-B2BE-F36749006CDE}.Debug|x86.ActiveCfg = Debug|Win32
		{FCFD5AB4-A7AC-46D2-B2BE-F36749006CDE}.Debug|x86.Build.0 = Debug|Win32
		{FCFD5AB4-A7AC-46D2-B2BE-F36749006CDE}.Release|x64.ActiveCfg = Release|x64
		{FCFD5AB4-A7AC-46D2-B2BE-F36749006CDE}.Release|x64.Build.0 = Release|x64
		{FCFD5AB4-A7AC-46D2-B2BE-F36749006CDE}.Release|x86.ActiveCfg = Release|Win32
		{FCFD5AB4-A7AC-46D2-B2BE-F36749006CDE}.Release|x86.Build.0 = Release|Win32
		{F14FFC1C-8266-4C67-A918-F302F24405DD}.Debug|x64.ActiveCfg = Debug|x64
		{F14FFC1C-8266-4C67-A918-F302F24405DD}.Debug|x64.Build.0 = Debug|x64
		{F14FFC1C-8266-4C67-A918-F302F24405DD}.Debug|x86.ActiveCfg = Debug|Win32
		{F14FFC1C-8266-4C67-A918-F302F24405DD}.Debug|x86.Build.0 = Debug|Win32
		{F14FFC1C-8266-4C67-A918-F302F24405DD}.Release|x64.ActiveCfg = Release|x64
		{F14FFC1C-8266-4C67-A918-F302F24405DD}.Release|x64.Build.0 = Release|x64
		{F14FFC1C-8266-4C67-A918-F302F24405DD}.Release|x86.ActiveCfg = Release|Win32
		{F14FFC1C-8266-4C67-A918-F302F24405DD}.Release|x86.Build.0 = Release|Win32
		{78CEB098-5297-47A9-BBF8-D26D06F81FBA}.Debug|x64.ActiveCfg = Debug|x64
		{78CEB098-5297-47A9-BBF8-D26D06F81FBA}.Debug|x64.Build.0 = Debug|x64
		{78CEB098-5297-47A9-BBF8-D26D06F81FBA}.Debug|x86.ActiveCfg = Debug|Win32
		{78CEB098-5297-47A9-BBF8-D26D06F81FBA}.Debug|x86.Build.0 = Debug|Win32
		{78CEB098-5297-47A9-BBF8-D26D06F81FBA}.Release|x64.ActiveCfg = Release|x64
		{78CEB098-5297-47A9-BBF8-D26D06F81FBA}.Release|x64.Build.0 = Release|x64
		{78CEB098-5297-47A9-BBF8-D26D06F81FBA}.Release|x86.ActiveCfg = Release|Win32
		{78CEB098-5297-47A9-BBF8-D26D06F81FBA}.Release|x86.Build.0 = Release|Win32
		{ADBFA705-36AB-4176-9DE0-B154F3038572}.Debug|x64.ActiveCfg = Debug|x64
		{ADBFA705-36AB-4176-9DE0-B154F3038572}.Debug|x64.Build.0 = Debug|x64
		{ADBFA705-36AB-4176-9DE0-B154F3038572}.Debug|x86.ActiveCfg = Debug|Win32
		{ADBFA705-36AB-4176-9DE0-B154F3038572}.Debug|x86.Build.0 = Debug|Win32
		{ADBFA705-36AB-4176-9DE0-B154F3038572}.Release|x64.ActiveCfg = Release|x64
		{ADBFA705-36AB-4176-9DE0-B154F3038572}.Release|x64.Build.0 = Release|x64
		{ADBFA705-36AB-4176-9DE0-B154F3038572}.Release|x86.ActiveCfg = Release|Win32
		{ADBFA705-36AB-4176-9DE0-B154F3038572}.Release|x86.Build.0 = Release|Win32
		{2F26F5E7-8E81-480F-A3AC-CB64CC9D8663}.Debug|x64.ActiveCfg = Debug|x64
		{2F26F5E7-8E81-480F-A3AC-CB64CC9D8663}.Debug|x64.Build.0 = Debug|x64
		{2F26F5E7-8E81-480F-A3AC-CB64CC9D8663}.Debug|x86.ActiveCfg = Debug|Win32
		{2F26F5E7-8E81-480F-A3AC-CB64CC9D8663}.Debug|x86.Build.0 = Debug|Win32
		{2F26F5E7-8E81-480F-A3AC-CB64CC9D8663}.Release|x64.ActiveCfg = Release|x64
		{2F26F5E7-8E81-480F-A3AC-CB64CC9D8663}.Release|x64.Build.0 = Release|x64
		{2F26F5E7-8E81-480F-A3AC-CB64CC9D8663}.Release|x86.ActiveCfg = Release|Win32
		{2F26F5E7-8E81-480F-A3AC-CB64CC9D8663}.Release|x86.Build.0 = Release|Win32
		{396E21CF-8643-4A32-8C14-6CF118874BCE}.Debug|x64.ActiveCfg = Debug|x64
		{396E21CF-8643-4A32-8C14-6CF118874BCE}.Debug|x64.Build.0 = Debug|x64
		{396E21CF-8643-4A32-8C14-6CF118874BCE}.Debug|x86.ActiveCfg = Debug|Win32
		{396E21CF-8643-4A32-8C14-6CF118874BCE}.Debug|x86.Build.0 = Debug|Win32
		{396E21CF-8643-4A32-8C14-6CF118874BCE}.Release|x64.ActiveCfg = Release|x64
		{396E21CF-8643-4A32-8C14-6CF118874BCE}.Release|x64.Build.0 = Release|x64
		{396E21CF-8643-4A32-8C14-6CF118874BCE}.Release|x86.ActiveCfg = Release|Win32
		{396E21CF-8643-4A32-8C14-6CF118874BCE}.Release|x86.Build.0 = Release|Win32
		{065DCA25-EBD1-421E-9AD3-551FB370B547}.Debug|x64.ActiveCfg = Debug|x64
		{065DCA25-EBD1-421E-9AD3-551FB370B547}.Debug|x64.Build.0 = Debug|x64
		{065DCA25-EBD1-421E-9AD3-551FB370B547}.Debug|x86.ActiveCfg = Debug|Win32
		{065DCA25-EBD1-421E-9AD3-551FB370B547}.Debug|x86.Build.0 = Debug|Win32
		{065DCA25-EBD1-421E-9AD3-551FB370B547}.Release|x64.ActiveCfg = Release|x64
		{065DCA25-EBD1-421E-9AD3-551FB370B547}.Release|x64.Build.0 = Release|x64
		{065DCA25-EBD1-421E-9AD3-551FB370B547}.Release|x86.ActiveCfg = Release|Win32
		{065DCA25-EBD1-421E-9AD3-551FB370B547}.Release|x86.Build.0 = Release|Win32
		{1F1D2F79-D0D1-49AA-B558-C15002103E72}.Debug|x64.ActiveCfg = Debug|x64
		{1F1D2F79-D0D1-49AA-B558-C15002103E72}.Debug|x64.Build.0 = Debug|x64
		{1F1D2F79-D0D1-49AA-B558-C15002103E72}.Debug|x86.ActiveCfg = Debug|Win32
		{1F1D2F79-D0D1-49AA-B558-C15002103E72}.Debug|x86.Build.0 = Debug|Win32
		{1F1D2F79-D0D1-49AA-B558-C15002103E72}.Release|x64.ActiveCfg = Release|x64
		{1F1D2F79-D0D1-49AA-B558-C15002103E72}.Release|x64.Build.0 = Release|x64
		{1F1D2F79-D0D1-49AA-B558-C15002103E72}.Release|x86.ActiveCfg = Release|Win32
		{1F1D2F79-D0D1-49AA-B558-C15002103E72}.Release|x86.Build.0 = Release|Win32
		{49A0AAF4-E96A-4938-A1D8-AA5AA75CC91E}.Debug|x64.ActiveCfg = Debug|x64
		{49A0AAF4-E96A-4938-A1D8-AA5AA75CC91E}.Debug|x64.Build.0 = Debug|x64
		{49A0AAF4-E96A-4938-A1D8-AA5AA75CC91E}.Debug|x86.ActiveCfg = Debug|Win32
		{49A0AAF4-E96A-4938-A1D8-AA5AA75CC91E}.Debug|x86.Build.0 = Debug|Win32
		{49A0AAF4-E96A-4938-A1D8-AA5AA75CC91E}.Release|x64.ActiveCfg = Release|x64
		{49A0AAF4-E96A-4938-A1D8-AA5AA75CC91E}.Release|x64.Build.0 = Release|x64
		{49A0AAF4-E96A-4938-A1D8-AA5AA75CC91E}.Release|x86.ActiveCfg = Release|Win32
		{49A0AAF4-E96A-4938-A1D8-AA5AA75CC91E}.Release|x86.Build.0 = Release|Win32
		{155C6F32-B50A-4F66-B921-1FB85C9DB7EF}.Debug|x64.ActiveCfg = Debug|x64
		{155C6F32-B50A-4F66-B921-1FB85C9DB7EF}.Debug|x64.Build.0 = Debug|x64
		{155C6F32-B50A-4F66-B921-1FB85C9DB7EF}.Debug|x86.ActiveCfg = Debug|Win32
		{155C6F32-B50A-4F66-B921-1FB85C9DB7EF}.Debug|x86.Build.0 = Debug|Win32
		{155C6F32-B50A-4F66-B921-1FB85C9DB7EF}.Release|x64.ActiveCfg = Release|x64
		{155C6F32-B50A-4F66-B921-1FB85C9DB7EF}.Release|x64.Build.0 = Release|x64
		{155C6F32-B50A-4F66-B921-1FB85C9DB7EF}.Release|x86.ActiveCfg = Release|Win32
		{155C6F32-B50A-4F66-B921-1FB85C9DB7EF}.Release|x86.Build.0 = Release|Win32
		{53FC1DE5-0882-4F69-BA73-C59469A87BA6}.Debug|x64.ActiveCfg = Debug|x64
		{53FC1DE5-0882-4F69-BA73-C59469A87BA6}.Debug|x64.Build.0 = Debug|x64
		{53FC1DE5-0882-4F69-BA73-C59469A87BA6}.Debug|x86.ActiveCfg = Debug|Win32
		{53FC1DE5-0882-4F69-BA73-C59469A87BA6}.Debug|x86.Build.0 = Debug|Win32
		{53FC1DE5-0882-4F69-BA73-C59469A87BA6}.Release|x64.ActiveCfg = Release|x64
		{53FC1DE5-0882-4F69-BA73-C59469A87BA6}.Release|x64.Build.0 = Release|x64
		{53FC1DE5-0882-4F69-BA73-C59469A87BA6}.Release|x86.ActiveCfg = Release|Win32
		{53FC1DE5-0882-4F69-BA73-C59469A87BA6}.Release|x86.Build.0 = Release|Win32
		{13346D00-C60A-4D51-9803-FD9BC9EB725A}.Debug|x64.ActiveCfg = Debug|x64
		{13346D00-C60A-4D51-9803-FD9BC9EB725A}.Debug|x64.Build.0 = Debug|x64
		{13346D00-C60A-4D51-9803-FD9BC9EB725A}.Debug|x86.ActiveCfg = Debug|Win32
		{13346D00-C60A-4D51-9803-FD9BC9EB725A}.Debug|x86.Build.0 = Debug|Win32
		{13346D00-C60A-4D51-9803-FD9BC9EB725A}.Release|x64.ActiveCfg = Release|x64
		{13346D00-C60A-4D51-9803-FD9BC9EB725A}.Release|x64.Build.0 = Release|x64
		{13346D00-C60A-4D51-9803-FD9BC9EB725A}.Release|x86.ActiveCfg = Release|Win32
		{13346D00-C60A-4D51-9803-FD9BC9EB725A}.Release|x86.Build.0 = Release|Win32
		{DDD15410-4311-4BD0-9F4B-1AE86920C4ED}.Debug|x64.ActiveCfg = Debug|x64
		{DDD15410-4311-4BD0-9F4B-1AE86920C4ED}.Debug|x64.Build.0 = Debug|x64
		{DDD15410-4311-4BD0-9F4B-1AE86920C4ED}.Debug|x86.ActiveCfg = Debug|Win32
		{DDD15410-4311-4BD0-9F4B-1AE86920C4ED}.Debug|x86.Build.0 = Debug|Win32
		{DDD15410-4311-4BD0-9F4B-1AE86920C4ED}.Release|x64.ActiveCfg = Release|x64
		{DDD15410-4311-4BD0-9F4B-1AE86920C4ED}.Release|x64.Build.0 = Release|x64
		{DDD15410-4311-4BD0-9F4B-1AE86920C4ED}.Release|x86.ActiveCfg = Release|Win32
		{DDD15410-4311-4BD0-9F4B-1AE86920C4ED}.Release|x86.Build.0 = Release|Win32
		{0B083BB9-8418-41AC-8B01-9A1DD77CBD99}.Debug|x64.ActiveCfg = Debug|x64
		{0B083BB9-8418-41AC-8B01-9A1DD77CBD99}.Debug|x64.Build.0 = Debug|x64
		{0B083BB9-8418-41AC-8B01-9A1DD77CBD99}.Debug|x86.ActiveCfg = Debug|Win32
		{0B083BB9-8418-41AC-8B01-9A1DD77CBD99}.Debug|x86.Build.0 = Debug|Win32
		{0B083BB9-8418-41AC-8B01-9A1DD77CBD99}.Release|x64.ActiveCfg = Release|x64
		{0B083BB9-8418-41AC-8B01-9A1DD77CBD99}.Release|x64.Build.0 = Release|x64
		{0B083BB9-8418-41AC-8B01-9A1DD77CBD99}.Release|x86.ActiveCfg = Release|Win32
		{0B083BB9-8418-41AC-8B01-9A1DD77CBD99}.Release|x86.Build.0 = Release|Win32
		{CA31483D-451B-41A8-A68E-F2DFC1978F3A}.Debug|x64.ActiveCfg = Debug|x64
		{CA31483D-451B-41A8-A68E-F2DFC1978F3A}.Debug|x64.Build.0 = Debug|x64
		{CA31483D-451B-41A8-A68E-F2DFC1978F3A}.Debug|x86.ActiveCfg = Debug|Win32
		{CA31483D-451B-41A8-A68E-F2DFC1978F3A}.Debug|x86.Build.0 = Debug|Win32
		{CA31483D-451B-41A8-A68E-F2DFC1978F3A}.Release|x64.ActiveCfg = Release|x64
		{CA31483D-451B-41A8-A68E-F2DFC1978F3A}.Release|x64.Build.0 = Release|x64
		{CA31483D-451B-41A8-A68E-F2DFC1978F3A}.Release|x86.ActiveCfg = Release|Win32
		{CA31483D-451B-41A8-A68E-F2DFC1978F3A}.Release|x86.Build.0 = Release|Win32
		{63518AC8-4ADA-4626-BD5F-9B95C45E8ABD}.Debug|x64.ActiveCfg = Debug|x64
		{63518AC8-4ADA-4626-BD5F-9B95C45E8ABD}.Debug|x64.Build.0 = Debug|x64
		{63518AC8-4ADA-4626-BD5F-9B95C45E8ABD}.Debug|x86.ActiveCfg = Debug|Win32
		{63518AC8-4ADA-4626-BD5F-9B95C45E8ABD}.Debug|x86.Build.0 = Debug|Win32
		{63518AC8-4ADA-4626-BD5F-9B95C45E8ABD}.Release|x64.ActiveCfg = Release|x64
		{63518AC8-4ADA-4626-BD5F-9B95C45E8ABD}.Release|x64.Build.0 = Release|x64
		{63518AC8-4ADA-4626-BD5F-9B95C45E8ABD}.Release|x86.ActiveCfg = Release|Win32
		{63518AC8-4ADA-4626-BD5F-9B95C45E8ABD}.Release|x86.Build.0 = Release|Win32
	EndGlobalSection
	GlobalSection(SolutionProperties) = preSolution
		HideSolutionNode = FALSE
	EndGlobalSection
	GlobalSection(ExtensibilityGlobals) = postSolution
		SolutionGuid = {DE5A9644-293A-4477-B600-640C04C5DDAA}
	EndGlobalSection
EndGlobal
